
Microsoft Visual Studio Solution File, Format Version 11.00
# Visual Studio 2010
Project("{FAE04EC0-301F-11D3-BF4B-00C04F79EFBC}") = "FormsWrapper", "FormsWrapper\FormsWrapper.csproj", "{B36C0B86-5B88-400F-ABE7-BB8F679AFB33}"
EndProject
Project("{FAE04EC0-301F-11D3-BF4B-00C04F79EFBC}") = "BatchInterpreter", "BatchToForm\BatchInterpreter.csproj", "{0270FE6D-AB9F-41BC-8BBB-111E37EF5503}"
EndProject
Project("{2150E333-8FDC-42A3-9474-1A3956D46DE8}") = "Solution Items", "Solution Items", "{E734C0C4-4C41-46AA-9CD8-FF2E46F065ED}"
	ProjectSection(SolutionItems) = preProject
		testdll.vbs = testdll.vbs
	EndProjectSection
EndProject
Global
	GlobalSection(SolutionConfigurationPlatforms) = preSolution
		Debug|Any CPU = Debug|Any CPU
		Debug|Mixed Platforms = Debug|Mixed Platforms
		Debug|x86 = Debug|x86
		Release|Any CPU = Release|Any CPU
		Release|Mixed Platforms = Release|Mixed Platforms
		Release|x86 = Release|x86
	EndGlobalSection
	GlobalSection(ProjectConfigurationPlatforms) = postSolution
		{B36C0B86-5B88-400F-ABE7-BB8F679AFB33}.Debug|Any CPU.ActiveCfg = Debug|Any CPU
		{B36C0B86-5B88-400F-ABE7-BB8F679AFB33}.Debug|Any CPU.Build.0 = Debug|Any CPU
		{B36C0B86-5B88-400F-ABE7-BB8F679AFB33}.Debug|Mixed Platforms.ActiveCfg = Debug|Any CPU
		{B36C0B86-5B88-400F-ABE7-BB8F679AFB33}.Debug|Mixed Platforms.Build.0 = Debug|Any CPU
		{B36C0B86-5B88-400F-ABE7-BB8F679AFB33}.Debug|x86.ActiveCfg = Debug|Any CPU
		{B36C0B86-5B88-400F-ABE7-BB8F679AFB33}.Release|Any CPU.ActiveCfg = Release|Any CPU
		{B36C0B86-5B88-400F-ABE7-BB8F679AFB33}.Release|Any CPU.Build.0 = Release|Any CPU
		{B36C0B86-5B88-400F-ABE7-BB8F679AFB33}.Release|Mixed Platforms.ActiveCfg = Release|Any CPU
		{B36C0B86-5B88-400F-ABE7-BB8F679AFB33}.Release|Mixed Platforms.Build.0 = Release|Any CPU
		{B36C0B86-5B88-400F-ABE7-BB8F679AFB33}.Release|x86.ActiveCfg = Release|Any CPU
		{0270FE6D-AB9F-41BC-8BBB-111E37EF5503}.Debug|Any CPU.ActiveCfg = Debug|x86
		{0270FE6D-AB9F-41BC-8BBB-111E37EF5503}.Debug|Mixed Platforms.ActiveCfg = Debug|x86
		{0270FE6D-AB9F-41BC-8BBB-111E37EF5503}.Debug|Mixed Platforms.Build.0 = Debug|x86
		{0270FE6D-AB9F-41BC-8BBB-111E37EF5503}.Debug|x86.ActiveCfg = Debug|x86
		{0270FE6D-AB9F-41BC-8BBB-111E37EF5503}.Debug|x86.Build.0 = Debug|x86
		{0270FE6D-AB9F-41BC-8BBB-111E37EF5503}.Release|Any CPU.ActiveCfg = Release|x86
		{0270FE6D-AB9F-41BC-8BBB-111E37EF5503}.Release|Mixed Platforms.ActiveCfg = Release|x86
		{0270FE6D-AB9F-41BC-8BBB-111E37EF5503}.Release|Mixed Platforms.Build.0 = Release|x86
		{0270FE6D-AB9F-41BC-8BBB-111E37EF5503}.Release|x86.ActiveCfg = Release|x86
		{0270FE6D-AB9F-41BC-8BBB-111E37EF5503}.Release|x86.Build.0 = Release|x86
	EndGlobalSection
	GlobalSection(SolutionProperties) = preSolution
		HideSolutionNode = FALSE
	EndGlobalSection
EndGlobal
